// !$*UTF8*$!
{
	archiveVersion = 1;
	classes = {
	};
	objectVersion = 46;
	objects = {

/* Begin PBXBuildFile section */
		C59D53741CD1B2BD001F8235 /* History.swift in Sources */ = {isa = PBXBuildFile; fileRef = C59D53731CD1B2BD001F8235 /* History.swift */; };
		C5EDD05B1CC97B8A00771DB8 /* AppDelegate.swift in Sources */ = {isa = PBXBuildFile; fileRef = C5EDD05A1CC97B8A00771DB8 /* AppDelegate.swift */; };
		C5EDD05D1CC97B8A00771DB8 /* ViewController.swift in Sources */ = {isa = PBXBuildFile; fileRef = C5EDD05C1CC97B8A00771DB8 /* ViewController.swift */; };
		C5EDD0601CC97B8A00771DB8 /* Main.storyboard in Resources */ = {isa = PBXBuildFile; fileRef = C5EDD05E1CC97B8A00771DB8 /* Main.storyboard */; };
		C5EDD0621CC97B8A00771DB8 /* Assets.xcassets in Resources */ = {isa = PBXBuildFile; fileRef = C5EDD0611CC97B8A00771DB8 /* Assets.xcassets */; };
		C5EDD0651CC97B8A00771DB8 /* LaunchScreen.storyboard in Resources */ = {isa = PBXBuildFile; fileRef = C5EDD0631CC97B8A00771DB8 /* LaunchScreen.storyboard */; };
		C5EDD0701CC97B8A00771DB8 /* another_calcTests.swift in Sources */ = {isa = PBXBuildFile; fileRef = C5EDD06F1CC97B8A00771DB8 /* another_calcTests.swift */; };
		C5EDD07B1CC97B8A00771DB8 /* another_calcUITests.swift in Sources */ = {isa = PBXBuildFile; fileRef = C5EDD07A1CC97B8A00771DB8 /* another_calcUITests.swift */; };
/* End PBXBuildFile section */

/* Begin PBXContainerItemProxy section */
		C5EDD06C1CC97B8A00771DB8 /* PBXContainerItemProxy */ = {
			isa = PBXContainerItemProxy;
			containerPortal = C5EDD04F1CC97B8A00771DB8 /* Project object */;
			proxyType = 1;
			remoteGlobalIDString = C5EDD0561CC97B8A00771DB8;
			remoteInfo = "another-calc";
		};
		C5EDD0771CC97B8A00771DB8 /* PBXContainerItemProxy */ = {
			isa = PBXContainerItemProxy;
			containerPortal = C5EDD04F1CC97B8A00771DB8 /* Project object */;
			proxyType = 1;
			remoteGlobalIDString = C5EDD0561CC97B8A00771DB8;
			remoteInfo = "another-calc";
		};
/* End PBXContainerItemProxy section */

/* Begin PBXFileReference section */
		C59D53731CD1B2BD001F8235 /* History.swift */ = {isa = PBXFileReference; fileEncoding = 4; lastKnownFileType = sourcecode.swift; path = History.swift; sourceTree = "<group>"; };
		C5EDD0571CC97B8A00771DB8 /* ios-calc2.app */ = {isa = PBXFileReference; explicitFileType = wrapper.application; includeInIndex = 0; path = "ios-calc2.app"; sourceTree = BUILT_PRODUCTS_DIR; };
		C5EDD05A1CC97B8A00771DB8 /* AppDelegate.swift */ = {isa = PBXFileReference; lastKnownFileType = sourcecode.swift; path = AppDelegate.swift; sourceTree = "<group>"; };
		C5EDD05C1CC97B8A00771DB8 /* ViewController.swift */ = {isa = PBXFileReference; lastKnownFileType = sourcecode.swift; path = ViewController.swift; sourceTree = "<group>"; };
		C5EDD05F1CC97B8A00771DB8 /* Base */ = {isa = PBXFileReference; lastKnownFileType = file.storyboard; name = Base; path = Base.lproj/Main.storyboard; sourceTree = "<group>"; };
		C5EDD0611CC97B8A00771DB8 /* Assets.xcassets */ = {isa = PBXFileReference; lastKnownFileType = folder.assetcatalog; path = Assets.xcassets; sourceTree = "<group>"; };
		C5EDD0641CC97B8A00771DB8 /* Base */ = {isa = PBXFileReference; lastKnownFileType = file.storyboard; name = Base; path = Base.lproj/LaunchScreen.storyboard; sourceTree = "<group>"; };
		C5EDD0661CC97B8A00771DB8 /* Info.plist */ = {isa = PBXFileReference; lastKnownFileType = text.plist.xml; path = Info.plist; sourceTree = "<group>"; };
		C5EDD06B1CC97B8A00771DB8 /* ios-calc2.xctest */ = {isa = PBXFileReference; explicitFileType = wrapper.cfbundle; includeInIndex = 0; path = "ios-calc2.xctest"; sourceTree = BUILT_PRODUCTS_DIR; };
		C5EDD06F1CC97B8A00771DB8 /* another_calcTests.swift */ = {isa = PBXFileReference; lastKnownFileType = sourcecode.swift; path = another_calcTests.swift; sourceTree = "<group>"; };
		C5EDD0711CC97B8A00771DB8 /* Info.plist */ = {isa = PBXFileReference; lastKnownFileType = text.plist.xml; path = Info.plist; sourceTree = "<group>"; };
		C5EDD0761CC97B8A00771DB8 /* ios-calc2.xctest */ = {isa = PBXFileReference; explicitFileType = wrapper.cfbundle; includeInIndex = 0; path = "ios-calc2.xctest"; sourceTree = BUILT_PRODUCTS_DIR; };
		C5EDD07A1CC97B8A00771DB8 /* another_calcUITests.swift */ = {isa = PBXFileReference; lastKnownFileType = sourcecode.swift; path = another_calcUITests.swift; sourceTree = "<group>"; };
		C5EDD07C1CC97B8A00771DB8 /* Info.plist */ = {isa = PBXFileReference; lastKnownFileType = text.plist.xml; path = Info.plist; sourceTree = "<group>"; };
/* End PBXFileReference section */

/* Begin PBXFrameworksBuildPhase section */
		C5EDD0541CC97B8A00771DB8 /* Frameworks */ = {
			isa = PBXFrameworksBuildPhase;
			buildActionMask = 2147483647;
			files = (
			);
			runOnlyForDeploymentPostprocessing = 0;
		};
		C5EDD0681CC97B8A00771DB8 /* Frameworks */ = {
			isa = PBXFrameworksBuildPhase;
			buildActionMask = 2147483647;
			files = (
			);
			runOnlyForDeploymentPostprocessing = 0;
		};
		C5EDD0731CC97B8A00771DB8 /* Frameworks */ = {
			isa = PBXFrameworksBuildPhase;
			buildActionMask = 2147483647;
			files = (
			);
			runOnlyForDeploymentPostprocessing = 0;
		};
/* End PBXFrameworksBuildPhase section */

/* Begin PBXGroup section */
		C5EDD04E1CC97B8A00771DB8 = {
			isa = PBXGroup;
			children = (
				C5EDD0591CC97B8A00771DB8 /* another-calc */,
				C5EDD06E1CC97B8A00771DB8 /* another-calcTests */,
				C5EDD0791CC97B8A00771DB8 /* another-calcUITests */,
				C5EDD0581CC97B8A00771DB8 /* Products */,
			);
			sourceTree = "<group>";
		};
		C5EDD0581CC97B8A00771DB8 /* Products */ = {
			isa = PBXGroup;
			children = (
				C5EDD0571CC97B8A00771DB8 /* ios-calc2.app */,
				C5EDD06B1CC97B8A00771DB8 /* ios-calc2.xctest */,
				C5EDD0761CC97B8A00771DB8 /* ios-calc2.xctest */,
			);
			name = Products;
			sourceTree = "<group>";
		};
		C5EDD0591CC97B8A00771DB8 /* another-calc */ = {
			isa = PBXGroup;
			children = (
				C5EDD05A1CC97B8A00771DB8 /* AppDelegate.swift */,
				C5EDD05C1CC97B8A00771DB8 /* ViewController.swift */,
				C59D53731CD1B2BD001F8235 /* History.swift */,
				C5EDD05E1CC97B8A00771DB8 /* Main.storyboard */,
				C5EDD0611CC97B8A00771DB8 /* Assets.xcassets */,
				C5EDD0631CC97B8A00771DB8 /* LaunchScreen.storyboard */,
				C5EDD0661CC97B8A00771DB8 /* Info.plist */,
			);
			path = "another-calc";
			sourceTree = "<group>";
		};
		C5EDD06E1CC97B8A00771DB8 /* another-calcTests */ = {
			isa = PBXGroup;
			children = (
				C5EDD06F1CC97B8A00771DB8 /* another_calcTests.swift */,
				C5EDD0711CC97B8A00771DB8 /* Info.plist */,
			);
			path = "another-calcTests";
			sourceTree = "<group>";
		};
		C5EDD0791CC97B8A00771DB8 /* another-calcUITests */ = {
			isa = PBXGroup;
			children = (
				C5EDD07A1CC97B8A00771DB8 /* another_calcUITests.swift */,
				C5EDD07C1CC97B8A00771DB8 /* Info.plist */,
			);
			path = "another-calcUITests";
			sourceTree = "<group>";
		};
/* End PBXGroup section */

/* Begin PBXNativeTarget section */
		C5EDD0561CC97B8A00771DB8 /* ios-calc2 */ = {
			isa = PBXNativeTarget;
			buildConfigurationList = C5EDD07F1CC97B8A00771DB8 /* Build configuration list for PBXNativeTarget "ios-calc2" */;
			buildPhases = (
				C5EDD0531CC97B8A00771DB8 /* Sources */,
				C5EDD0541CC97B8A00771DB8 /* Frameworks */,
				C5EDD0551CC97B8A00771DB8 /* Resources */,
			);
			buildRules = (
			);
			dependencies = (
			);
			name = "ios-calc2";
			productName = "another-calc";
			productReference = C5EDD0571CC97B8A00771DB8 /* ios-calc2.app */;
			productType = "com.apple.product-type.application";
		};
		C5EDD06A1CC97B8A00771DB8 /* ios-calc2Tests */ = {
			isa = PBXNativeTarget;
			buildConfigurationList = C5EDD0821CC97B8A00771DB8 /* Build configuration list for PBXNativeTarget "ios-calc2Tests" */;
			buildPhases = (
				C5EDD0671CC97B8A00771DB8 /* Sources */,
				C5EDD0681CC97B8A00771DB8 /* Frameworks */,
				C5EDD0691CC97B8A00771DB8 /* Resources */,
			);
			buildRules = (
			);
			dependencies = (
				C5EDD06D1CC97B8A00771DB8 /* PBXTargetDependency */,
			);
			name = "ios-calc2Tests";
			productName = "another-calcTests";
			productReference = C5EDD06B1CC97B8A00771DB8 /* ios-calc2.xctest */;
			productType = "com.apple.product-type.bundle.unit-test";
		};
		C5EDD0751CC97B8A00771DB8 /* ios-calc2UITests */ = {
			isa = PBXNativeTarget;
			buildConfigurationList = C5EDD0851CC97B8A00771DB8 /* Build configuration list for PBXNativeTarget "ios-calc2UITests" */;
			buildPhases = (
				C5EDD0721CC97B8A00771DB8 /* Sources */,
				C5EDD0731CC97B8A00771DB8 /* Frameworks */,
				C5EDD0741CC97B8A00771DB8 /* Resources */,
			);
			buildRules = (
			);
			dependencies = (
				C5EDD0781CC97B8A00771DB8 /* PBXTargetDependency */,
			);
			name = "ios-calc2UITests";
			productName = "another-calcUITests";
			productReference = C5EDD0761CC97B8A00771DB8 /* ios-calc2.xctest */;
			productType = "com.apple.product-type.bundle.ui-testing";
		};
/* End PBXNativeTarget section */

/* Begin PBXProject section */
		C5EDD04F1CC97B8A00771DB8 /* Project object */ = {
			isa = PBXProject;
			attributes = {
				LastSwiftUpdateCheck = 0730;
				LastUpgradeCheck = 0730;
				ORGANIZATIONNAME = "Joel Elizaga";
				TargetAttributes = {
					C5EDD0561CC97B8A00771DB8 = {
						CreatedOnToolsVersion = 7.3;
					};
					C5EDD06A1CC97B8A00771DB8 = {
						CreatedOnToolsVersion = 7.3;
						TestTargetID = C5EDD0561CC97B8A00771DB8;
					};
					C5EDD0751CC97B8A00771DB8 = {
						CreatedOnToolsVersion = 7.3;
						TestTargetID = C5EDD0561CC97B8A00771DB8;
					};
				};
			};
			buildConfigurationList = C5EDD0521CC97B8A00771DB8 /* Build configuration list for PBXProject "ios-calc2" */;
			compatibilityVersion = "Xcode 3.2";
			developmentRegion = English;
			hasScannedForEncodings = 0;
			knownRegions = (
				en,
				Base,
			);
			mainGroup = C5EDD04E1CC97B8A00771DB8;
			productRefGroup = C5EDD0581CC97B8A00771DB8 /* Products */;
			projectDirPath = "";
			projectRoot = "";
			targets = (
				C5EDD0561CC97B8A00771DB8 /* ios-calc2 */,
				C5EDD06A1CC97B8A00771DB8 /* ios-calc2Tests */,
				C5EDD0751CC97B8A00771DB8 /* ios-calc2UITests */,
			);
		};
/* End PBXProject section */

/* Begin PBXResourcesBuildPhase section */
		C5EDD0551CC97B8A00771DB8 /* Resources */ = {
			isa = PBXResourcesBuildPhase;
			buildActionMask = 2147483647;
			files = (
				C5EDD0651CC97B8A00771DB8 /* LaunchScreen.storyboard in Resources */,
				C5EDD0621CC97B8A00771DB8 /* Assets.xcassets in Resources */,
				C5EDD0601CC97B8A00771DB8 /* Main.storyboard in Resources */,
			);
			runOnlyForDeploymentPostprocessing = 0;
		};
		C5EDD0691CC97B8A00771DB8 /* Resources */ = {
			isa = PBXResourcesBuildPhase;
			buildActionMask = 2147483647;
			files = (
			);
			runOnlyForDeploymentPostprocessing = 0;
		};
		C5EDD0741CC97B8A00771DB8 /* Resources */ = {
			isa = PBXResourcesBuildPhase;
			buildActionMask = 2147483647;
			files = (
			);
			runOnlyForDeploymentPostprocessing = 0;
		};
/* End PBXResourcesBuildPhase section */

/* Begin PBXSourcesBuildPhase section */
		C5EDD0531CC97B8A00771DB8 /* Sources */ = {
			isa = PBXSourcesBuildPhase;
			buildActionMask = 2147483647;
			files = (
				C59D53741CD1B2BD001F8235 /* History.swift in Sources */,
				C5EDD05D1CC97B8A00771DB8 /* ViewController.swift in Sources */,
				C5EDD05B1CC97B8A00771DB8 /* AppDelegate.swift in Sources */,
			);
			runOnlyForDeploymentPostprocessing = 0;
		};
		C5EDD0671CC97B8A00771DB8 /* Sources */ = {
			isa = PBXSourcesBuildPhase;
			buildActionMask = 2147483647;
			files = (
				C5EDD0701CC97B8A00771DB8 /* another_calcTests.swift in Sources */,
			);
			runOnlyForDeploymentPostprocessing = 0;
		};
		C5EDD0721CC97B8A00771DB8 /* Sources */ = {
			isa = PBXSourcesBuildPhase;
			buildActionMask = 2147483647;
			files = (
				C5EDD07B1CC97B8A00771DB8 /* another_calcUITests.swift in Sources */,
			);
			runOnlyForDeploymentPostprocessing = 0;
		};
/* End PBXSourcesBuildPhase section */

/* Begin PBXTargetDependency section */
		C5EDD06D1CC97B8A00771DB8 /* PBXTargetDependency */ = {
			isa = PBXTargetDependency;
			target = C5EDD0561CC97B8A00771DB8 /* ios-calc2 */;
			targetProxy = C5EDD06C1CC97B8A00771DB8 /* PBXContainerItemProxy */;
		};
		C5EDD0781CC97B8A00771DB8 /* PBXTargetDependency */ = {
			isa = PBXTargetDependency;
			target = C5EDD0561CC97B8A00771DB8 /* ios-calc2 */;
			targetProxy = C5EDD0771CC97B8A00771DB8 /* PBXContainerItemProxy */;
		};
/* End PBXTargetDependency section */

/* Begin PBXVariantGroup section */
		C5EDD05E1CC97B8A00771DB8 /* Main.storyboard */ = {
			isa = PBXVariantGroup;
			children = (
				C5EDD05F1CC97B8A00771DB8 /* Base */,
			);
			name = Main.storyboard;
			sourceTree = "<group>";
		};
		C5EDD0631CC97B8A00771DB8 /* LaunchScreen.storyboard */ = {
			isa = PBXVariantGroup;
			children = (
				C5EDD0641CC97B8A00771DB8 /* Base */,
			);
			name = LaunchScreen.storyboard;
			sourceTree = "<group>";
		};
/* End PBXVariantGroup section */

/* Begin XCBuildConfiguration section */
		C5EDD07D1CC97B8A00771DB8 /* Debug */ = {
			isa = XCBuildConfiguration;
			buildSettings = {
				ALWAYS_SEARCH_USER_PATHS = NO;
				CLANG_ANALYZER_NONNULL = YES;
				CLANG_CXX_LANGUAGE_STANDARD = "gnu++0x";
				CLANG_CXX_LIBRARY = "libc++";
				CLANG_ENABLE_MODULES = YES;
				CLANG_ENABLE_OBJC_ARC = YES;
				CLANG_WARN_BOOL_CONVERSION = YES;
				CLANG_WARN_CONSTANT_CONVERSION = YES;
				CLANG_WARN_DIRECT_OBJC_ISA_USAGE = YES_ERROR;
				CLANG_WARN_EMPTY_BODY = YES;
				CLANG_WARN_ENUM_CONVERSION = YES;
				CLANG_WARN_INT_CONVERSION = YES;
				CLANG_WARN_OBJC_ROOT_CLASS = YES_ERROR;
				CLANG_WARN_UNREACHABLE_CODE = YES;
				CLANG_WARN__DUPLICATE_METHOD_MATCH = YES;
				"CODE_SIGN_IDENTITY[sdk=iphoneos*]" = "iPhone Developer";
				COPY_PHASE_STRIP = NO;
				DEBUG_INFORMATION_FORMAT = dwarf;
				ENABLE_STRICT_OBJC_MSGSEND = YES;
				ENABLE_TESTABILITY = YES;
				GCC_C_LANGUAGE_STANDARD = gnu99;
				GCC_DYNAMIC_NO_PIC = NO;
				GCC_NO_COMMON_BLOCKS = YES;
				GCC_OPTIMIZATION_LEVEL = 0;
				GCC_PREPROCESSOR_DEFINITIONS = (
					"DEBUG=1",
					"$(inherited)",
				);
				GCC_WARN_64_TO_32_BIT_CONVERSION = YES;
				GCC_WARN_ABOUT_RETURN_TYPE = YES_ERROR;
				GCC_WARN_UNDECLARED_SELECTOR = YES;
				GCC_WARN_UNINITIALIZED_AUTOS = YES_AGGRESSIVE;
				GCC_WARN_UNUSED_FUNCTION = YES;
				GCC_WARN_UNUSED_VARIABLE = YES;
				IPHONEOS_DEPLOYMENT_TARGET = 9.3;
				MTL_ENABLE_DEBUG_INFO = YES;
				ONLY_ACTIVE_ARCH = YES;
				SDKROOT = iphoneos;
				SWIFT_OPTIMIZATION_LEVEL = "-Onone";
			};
			name = Debug;
		};
		C5EDD07E1CC97B8A00771DB8 /* Release */ = {
			isa = XCBuildConfiguration;
			buildSettings = {
				ALWAYS_SEARCH_USER_PATHS = NO;
				CLANG_ANALYZER_NONNULL = YES;
				CLANG_CXX_LANGUAGE_STANDARD = "gnu++0x";
				CLANG_CXX_LIBRARY = "libc++";
				CLANG_ENABLE_MODULES = YES;
				CLANG_ENABLE_OBJC_ARC = YES;
				CLANG_WARN_BOOL_CONVERSION = YES;
				CLANG_WARN_CONSTANT_CONVERSION = YES;
				CLANG_WARN_DIRECT_OBJC_ISA_USAGE = YES_ERROR;
				CLANG_WARN_EMPTY_BODY = YES;
				CLANG_WARN_ENUM_CONVERSION = YES;
				CLANG_WARN_INT_CONVERSION = YES;
				CLANG_WARN_OBJC_ROOT_CLASS = YES_ERROR;
				CLANG_WARN_UNREACHABLE_CODE = YES;
				CLANG_WARN__DUPLICATE_METHOD_MATCH = YES;
				"CODE_SIGN_IDENTITY[sdk=iphoneos*]" = "iPhone Developer";
				COPY_PHASE_STRIP = NO;
				DEBUG_INFORMATION_FORMAT = "dwarf-with-dsym";
				ENABLE_NS_ASSERTIONS = NO;
				ENABLE_STRICT_OBJC_MSGSEND = YES;
				GCC_C_LANGUAGE_STANDARD = gnu99;
				GCC_NO_COMMON_BLOCKS = YES;
				GCC_WARN_64_TO_32_BIT_CONVERSION = YES;
				GCC_WARN_ABOUT_RETURN_TYPE = YES_ERROR;
				GCC_WARN_UNDECLARED_SELECTOR = YES;
				GCC_WARN_UNINITIALIZED_AUTOS = YES_AGGRESSIVE;
				GCC_WARN_UNUSED_FUNCTION = YES;
				GCC_WARN_UNUSED_VARIABLE = YES;
				IPHONEOS_DEPLOYMENT_TARGET = 9.3;
				MTL_ENABLE_DEBUG_INFO = NO;
				SDKROOT = iphoneos;
				VALIDATE_PRODUCT = YES;
			};
			name = Release;
		};
		C5EDD0801CC97B8A00771DB8 /* Debug */ = {
			isa = XCBuildConfiguration;
			buildSettings = {
				ASSETCATALOG_COMPILER_APPICON_NAME = AppIcon;
				INFOPLIST_FILE = "another-calc/Info.plist";
				LD_RUNPATH_SEARCH_PATHS = "$(inherited) @executable_path/Frameworks";
				PRODUCT_BUNDLE_IDENTIFIER = "jelizaga.simple-calc";
				PRODUCT_NAME = "ios-calc2";
				TARGETED_DEVICE_FAMILY = 1;
			};
			name = Debug;
		};
		C5EDD0811CC97B8A00771DB8 /* Release */ = {
			isa = XCBuildConfiguration;
			buildSettings = {
				ASSETCATALOG_COMPILER_APPICON_NAME = AppIcon;
				INFOPLIST_FILE = "another-calc/Info.plist";
				LD_RUNPATH_SEARCH_PATHS = "$(inherited) @executable_path/Frameworks";
				PRODUCT_BUNDLE_IDENTIFIER = "jelizaga.simple-calc";
				PRODUCT_NAME = "ios-calc2";
				TARGETED_DEVICE_FAMILY = 1;
			};
			name = Release;
		};
		C5EDD0831CC97B8A00771DB8 /* Debug */ = {
			isa = XCBuildConfiguration;
			buildSettings = {
				BUNDLE_LOADER = "$(TEST_HOST)";
				INFOPLIST_FILE = "another-calcTests/Info.plist";
				LD_RUNPATH_SEARCH_PATHS = "$(inherited) @executable_path/Frameworks @loader_path/Frameworks";
				PRODUCT_BUNDLE_IDENTIFIER = "jelizaga.another-calcTests";
				PRODUCT_NAME = "ios-calc2";
				TEST_HOST = "$(BUILT_PRODUCTS_DIR)/ios-calc2.app/ios-calc2";
			};
			name = Debug;
		};
		C5EDD0841CC97B8A00771DB8 /* Release */ = {
			isa = XCBuildConfiguration;
			buildSettings = {
				BUNDLE_LOADER = "$(TEST_HOST)";
				INFOPLIST_FILE = "another-calcTests/Info.plist";
				LD_RUNPATH_SEARCH_PATHS = "$(inherited) @executable_path/Frameworks @loader_path/Frameworks";
				PRODUCT_BUNDLE_IDENTIFIER = "jelizaga.another-calcTests";
				PRODUCT_NAME = "ios-calc2";
				TEST_HOST = "$(BUILT_PRODUCTS_DIR)/ios-calc2.app/ios-calc2";
			};
			name = Release;
		};
		C5EDD0861CC97B8A00771DB8 /* Debug */ = {
			isa = XCBuildConfiguration;
			buildSettings = {
				INFOPLIST_FILE = "another-calcUITests/Info.plist";
				LD_RUNPATH_SEARCH_PATHS = "$(inherited) @executable_path/Frameworks @loader_path/Frameworks";
				PRODUCT_BUNDLE_IDENTIFIER = "jelizaga.another-calcUITests";
				PRODUCT_NAME = "ios-calc2";
				TEST_TARGET_NAME = "another-calc";
			};
			name = Debug;
		};
		C5EDD0871CC97B8A00771DB8 /* Release */ = {
			isa = XCBuildConfiguration;
			buildSettings = {
				INFOPLIST_FILE = "another-calcUITests/Info.plist";
				LD_RUNPATH_SEARCH_PATHS = "$(inherited) @executable_path/Frameworks @loader_path/Frameworks";
				PRODUCT_BUNDLE_IDENTIFIER = "jelizaga.another-calcUITests";
				PRODUCT_NAME = "ios-calc2";
				TEST_TARGET_NAME = "another-calc";
			};
			name = Release;
		};
/* End XCBuildConfiguration section */

/* Begin XCConfigurationList section */
		C5EDD0521CC97B8A00771DB8 /* Build configuration list for PBXProject "ios-calc2" */ = {
			isa = XCConfigurationList;
			buildConfigurations = (
				C5EDD07D1CC97B8A00771DB8 /* Debug */,
				C5EDD07E1CC97B8A00771DB8 /* Release */,
			);
			defaultConfigurationIsVisible = 0;
			defaultConfigurationName = Release;
		};
		C5EDD07F1CC97B8A00771DB8 /* Build configuration list for PBXNativeTarget "ios-calc2" */ = {
			isa = XCConfigurationList;
			buildConfigurations = (
				C5EDD0801CC97B8A00771DB8 /* Debug */,
				C5EDD0811CC97B8A00771DB8 /* Release */,
			);
			defaultConfigurationIsVisible = 0;
			defaultConfigurationName = Release;
		};
		C5EDD0821CC97B8A00771DB8 /* Build configuration list for PBXNativeTarget "ios-calc2Tests" */ = {
			isa = XCConfigurationList;
			buildConfigurations = (
				C5EDD0831CC97B8A00771DB8 /* Debug */,
				C5EDD0841CC97B8A00771DB8 /* Release */,
			);
			defaultConfigurationIsVisible = 0;
			defaultConfigurationName = Release;
		};
		C5EDD0851CC97B8A00771DB8 /* Build configuration list for PBXNativeTarget "ios-calc2UITests" */ = {
			isa = XCConfigurationList;
			buildConfigurations = (
				C5EDD0861CC97B8A00771DB8 /* Debug */,
				C5EDD0871CC97B8A00771DB8 /* Release */,
			);
			defaultConfigurationIsVisible = 0;
			defaultConfigurationName = Release;
		};
/* End XCConfigurationList section */
	};
	rootObject = C5EDD04F1CC97B8A00771DB8 /* Project object */;
}
